// !$*UTF8*$!
{
	archiveVersion = 1;
	classes = {
	};
	objectVersion = 52;
	objects = {

/* Begin PBXBuildFile section */
		43212F63262A00A20008ACEA /* AppDelegate.swift in Sources */ = {isa = PBXBuildFile; fileRef = 43212F62262A00A20008ACEA /* AppDelegate.swift */; };
		43212F67262A00A20008ACEA /* WordsViewController.swift in Sources */ = {isa = PBXBuildFile; fileRef = 43212F66262A00A20008ACEA /* WordsViewController.swift */; };
		43212F6C262A00A30008ACEA /* Assets.xcassets in Resources */ = {isa = PBXBuildFile; fileRef = 43212F6B262A00A30008ACEA /* Assets.xcassets */; };
		43212F6F262A00A30008ACEA /* LaunchScreen.storyboard in Resources */ = {isa = PBXBuildFile; fileRef = 43212F6D262A00A30008ACEA /* LaunchScreen.storyboard */; };
		43212FB9262A07B90008ACEA /* Router.swift in Sources */ = {isa = PBXBuildFile; fileRef = 43212F9D262A07B80008ACEA /* Router.swift */; };
		43212FBA262A07B90008ACEA /* Coordinator.swift in Sources */ = {isa = PBXBuildFile; fileRef = 43212F9E262A07B80008ACEA /* Coordinator.swift */; };
		43212FBB262A07B90008ACEA /* AutoLayoutExtenstions.swift in Sources */ = {isa = PBXBuildFile; fileRef = 43212FA1262A07B80008ACEA /* AutoLayoutExtenstions.swift */; };
		43212FBC262A07B90008ACEA /* UsesAutoLayout.swift in Sources */ = {isa = PBXBuildFile; fileRef = 43212FA2262A07B80008ACEA /* UsesAutoLayout.swift */; };
		43212FC1262A07B90008ACEA /* loadFromNib.swift in Sources */ = {isa = PBXBuildFile; fileRef = 43212FA9262A07B80008ACEA /* loadFromNib.swift */; };
		43212FC2262A07B90008ACEA /* BaseViewController.swift in Sources */ = {isa = PBXBuildFile; fileRef = 43212FAB262A07B80008ACEA /* BaseViewController.swift */; };
		43212FC3262A07B90008ACEA /* ContainerViewController.swift in Sources */ = {isa = PBXBuildFile; fileRef = 43212FAC262A07B80008ACEA /* ContainerViewController.swift */; };
		43212FC4262A07B90008ACEA /* UITableView + dequeue.swift in Sources */ = {isa = PBXBuildFile; fileRef = 43212FAE262A07B90008ACEA /* UITableView + dequeue.swift */; };
		43212FE3262A08C20008ACEA /* AppCoordinator.swift in Sources */ = {isa = PBXBuildFile; fileRef = 43212FE2262A08C20008ACEA /* AppCoordinator.swift */; };
		43212FE8262A09670008ACEA /* ScreenFactory.swift in Sources */ = {isa = PBXBuildFile; fileRef = 43212FE7262A09670008ACEA /* ScreenFactory.swift */; };
		43212FED262A09930008ACEA /* Word.swift in Sources */ = {isa = PBXBuildFile; fileRef = 43212FEC262A09930008ACEA /* Word.swift */; };
		43212FF5262AC3BB0008ACEA /* WordTableViewCell.swift in Sources */ = {isa = PBXBuildFile; fileRef = 43212FF4262AC3BB0008ACEA /* WordTableViewCell.swift */; };
		43212FFA262AC40A0008ACEA /* ViewFactory.swift in Sources */ = {isa = PBXBuildFile; fileRef = 43212FF9262AC40A0008ACEA /* ViewFactory.swift */; };
		43213002262AC4F90008ACEA /* WordsView.swift in Sources */ = {isa = PBXBuildFile; fileRef = 43213001262AC4F90008ACEA /* WordsView.swift */; };
		434E7B7E26371855008F36C1 /* WordsMockData.swift in Sources */ = {isa = PBXBuildFile; fileRef = 434E7B7D26371855008F36C1 /* WordsMockData.swift */; };
		435E35F12636F3270027FAF7 /* MeaningProvider.swift in Sources */ = {isa = PBXBuildFile; fileRef = 435E35F02636F3270027FAF7 /* MeaningProvider.swift */; };
		435E35F62636F3630027FAF7 /* MeaningTableView.swift in Sources */ = {isa = PBXBuildFile; fileRef = 435E35F52636F3630027FAF7 /* MeaningTableView.swift */; };
		435E35FB2636F3930027FAF7 /* MeaningTableViewCell.swift in Sources */ = {isa = PBXBuildFile; fileRef = 435E35FA2636F3930027FAF7 /* MeaningTableViewCell.swift */; };
		435E36002636F66D0027FAF7 /* ErrorView.swift in Sources */ = {isa = PBXBuildFile; fileRef = 435E35FF2636F66D0027FAF7 /* ErrorView.swift */; };
		4364206D262AD70A006D14AC /* WordDetailViewController.swift in Sources */ = {isa = PBXBuildFile; fileRef = 4364206C262AD70A006D14AC /* WordDetailViewController.swift */; };
		43642072262AD716006D14AC /* WordDetailView.swift in Sources */ = {isa = PBXBuildFile; fileRef = 43642071262AD716006D14AC /* WordDetailView.swift */; };
		43642077262ADBED006D14AC /* Networking.swift in Sources */ = {isa = PBXBuildFile; fileRef = 43642076262ADBED006D14AC /* Networking.swift */; };
		437D27DD26346614003AD2D3 /* Meaning.swift in Sources */ = {isa = PBXBuildFile; fileRef = 437D27DC26346614003AD2D3 /* Meaning.swift */; };
		437D4C9326340BA300189B1D /* WordsServiceTests.swift in Sources */ = {isa = PBXBuildFile; fileRef = 437D4C9226340BA300189B1D /* WordsServiceTests.swift */; };
		43B9BB942635AABA001AA600 /* Kingfisher in Frameworks */ = {isa = PBXBuildFile; productRef = 43B9BB932635AABA001AA600 /* Kingfisher */; };
		43DF5F862631CEE4008985D2 /* WordsTableView.swift in Sources */ = {isa = PBXBuildFile; fileRef = 43DF5F852631CEE4008985D2 /* WordsTableView.swift */; };
		43F8B815262C7FFD00F33BCE /* WordsProviderImp.swift in Sources */ = {isa = PBXBuildFile; fileRef = 43F8B814262C7FFD00F33BCE /* WordsProviderImp.swift */; };
		43F8B81A262C802200F33BCE /* WordsService.swift in Sources */ = {isa = PBXBuildFile; fileRef = 43F8B819262C802200F33BCE /* WordsService.swift */; };
/* End PBXBuildFile section */

/* Begin PBXContainerItemProxy section */
		43212F76262A00A30008ACEA /* PBXContainerItemProxy */ = {
			isa = PBXContainerItemProxy;
			containerPortal = 43212F57262A00A20008ACEA /* Project object */;
			proxyType = 1;
			remoteGlobalIDString = 43212F5E262A00A20008ACEA;
			remoteInfo = "cautious-barnacle";
		};
		43212F81262A00A30008ACEA /* PBXContainerItemProxy */ = {
			isa = PBXContainerItemProxy;
			containerPortal = 43212F57262A00A20008ACEA /* Project object */;
			proxyType = 1;
			remoteGlobalIDString = 43212F5E262A00A20008ACEA;
			remoteInfo = "cautious-barnacle";
		};
/* End PBXContainerItemProxy section */

/* Begin PBXFileReference section */
		43212F5F262A00A20008ACEA /* cautious-barnacle.app */ = {isa = PBXFileReference; explicitFileType = wrapper.application; includeInIndex = 0; path = "cautious-barnacle.app"; sourceTree = BUILT_PRODUCTS_DIR; };
		43212F62262A00A20008ACEA /* AppDelegate.swift */ = {isa = PBXFileReference; lastKnownFileType = sourcecode.swift; path = AppDelegate.swift; sourceTree = "<group>"; };
		43212F66262A00A20008ACEA /* WordsViewController.swift */ = {isa = PBXFileReference; lastKnownFileType = sourcecode.swift; path = WordsViewController.swift; sourceTree = "<group>"; };
		43212F6B262A00A30008ACEA /* Assets.xcassets */ = {isa = PBXFileReference; lastKnownFileType = folder.assetcatalog; path = Assets.xcassets; sourceTree = "<group>"; };
		43212F6E262A00A30008ACEA /* Base */ = {isa = PBXFileReference; lastKnownFileType = file.storyboard; name = Base; path = Base.lproj/LaunchScreen.storyboard; sourceTree = "<group>"; };
		43212F70262A00A30008ACEA /* Info.plist */ = {isa = PBXFileReference; lastKnownFileType = text.plist.xml; path = Info.plist; sourceTree = "<group>"; };
		43212F75262A00A30008ACEA /* cautious-barnacleTests.xctest */ = {isa = PBXFileReference; explicitFileType = wrapper.cfbundle; includeInIndex = 0; path = "cautious-barnacleTests.xctest"; sourceTree = BUILT_PRODUCTS_DIR; };
		43212F7B262A00A30008ACEA /* Info.plist */ = {isa = PBXFileReference; lastKnownFileType = text.plist.xml; path = Info.plist; sourceTree = "<group>"; };
		43212F80262A00A30008ACEA /* cautious-barnacleUITests.xctest */ = {isa = PBXFileReference; explicitFileType = wrapper.cfbundle; includeInIndex = 0; path = "cautious-barnacleUITests.xctest"; sourceTree = BUILT_PRODUCTS_DIR; };
		43212F9D262A07B80008ACEA /* Router.swift */ = {isa = PBXFileReference; fileEncoding = 4; lastKnownFileType = sourcecode.swift; path = Router.swift; sourceTree = "<group>"; };
		43212F9E262A07B80008ACEA /* Coordinator.swift */ = {isa = PBXFileReference; fileEncoding = 4; lastKnownFileType = sourcecode.swift; path = Coordinator.swift; sourceTree = "<group>"; };
		43212FA1262A07B80008ACEA /* AutoLayoutExtenstions.swift */ = {isa = PBXFileReference; fileEncoding = 4; lastKnownFileType = sourcecode.swift; path = AutoLayoutExtenstions.swift; sourceTree = "<group>"; };
		43212FA2262A07B80008ACEA /* UsesAutoLayout.swift */ = {isa = PBXFileReference; fileEncoding = 4; lastKnownFileType = sourcecode.swift; path = UsesAutoLayout.swift; sourceTree = "<group>"; };
		43212FA9262A07B80008ACEA /* loadFromNib.swift */ = {isa = PBXFileReference; fileEncoding = 4; lastKnownFileType = sourcecode.swift; path = loadFromNib.swift; sourceTree = "<group>"; };
		43212FAB262A07B80008ACEA /* BaseViewController.swift */ = {isa = PBXFileReference; fileEncoding = 4; lastKnownFileType = sourcecode.swift; path = BaseViewController.swift; sourceTree = "<group>"; };
		43212FAC262A07B80008ACEA /* ContainerViewController.swift */ = {isa = PBXFileReference; fileEncoding = 4; lastKnownFileType = sourcecode.swift; path = ContainerViewController.swift; sourceTree = "<group>"; };
		43212FAE262A07B90008ACEA /* UITableView + dequeue.swift */ = {isa = PBXFileReference; fileEncoding = 4; lastKnownFileType = sourcecode.swift; path = "UITableView + dequeue.swift"; sourceTree = "<group>"; };
		43212FE2262A08C20008ACEA /* AppCoordinator.swift */ = {isa = PBXFileReference; fileEncoding = 4; lastKnownFileType = sourcecode.swift; path = AppCoordinator.swift; sourceTree = "<group>"; };
		43212FE7262A09670008ACEA /* ScreenFactory.swift */ = {isa = PBXFileReference; lastKnownFileType = sourcecode.swift; path = ScreenFactory.swift; sourceTree = "<group>"; };
		43212FEC262A09930008ACEA /* Word.swift */ = {isa = PBXFileReference; lastKnownFileType = sourcecode.swift; path = Word.swift; sourceTree = "<group>"; };
		43212FF4262AC3BB0008ACEA /* WordTableViewCell.swift */ = {isa = PBXFileReference; lastKnownFileType = sourcecode.swift; path = WordTableViewCell.swift; sourceTree = "<group>"; };
		43212FF9262AC40A0008ACEA /* ViewFactory.swift */ = {isa = PBXFileReference; lastKnownFileType = sourcecode.swift; path = ViewFactory.swift; sourceTree = "<group>"; };
		43213001262AC4F90008ACEA /* WordsView.swift */ = {isa = PBXFileReference; lastKnownFileType = sourcecode.swift; path = WordsView.swift; sourceTree = "<group>"; };
		434E7B7D26371855008F36C1 /* WordsMockData.swift */ = {isa = PBXFileReference; lastKnownFileType = sourcecode.swift; path = WordsMockData.swift; sourceTree = "<group>"; };
		435E35F02636F3270027FAF7 /* MeaningProvider.swift */ = {isa = PBXFileReference; lastKnownFileType = sourcecode.swift; path = MeaningProvider.swift; sourceTree = "<group>"; };
		435E35F52636F3630027FAF7 /* MeaningTableView.swift */ = {isa = PBXFileReference; lastKnownFileType = sourcecode.swift; path = MeaningTableView.swift; sourceTree = "<group>"; };
		435E35FA2636F3930027FAF7 /* MeaningTableViewCell.swift */ = {isa = PBXFileReference; lastKnownFileType = sourcecode.swift; path = MeaningTableViewCell.swift; sourceTree = "<group>"; };
		435E35FF2636F66D0027FAF7 /* ErrorView.swift */ = {isa = PBXFileReference; lastKnownFileType = sourcecode.swift; path = ErrorView.swift; sourceTree = "<group>"; };
		4364206C262AD70A006D14AC /* WordDetailViewController.swift */ = {isa = PBXFileReference; lastKnownFileType = sourcecode.swift; path = WordDetailViewController.swift; sourceTree = "<group>"; };
		43642071262AD716006D14AC /* WordDetailView.swift */ = {isa = PBXFileReference; lastKnownFileType = sourcecode.swift; path = WordDetailView.swift; sourceTree = "<group>"; };
		43642076262ADBED006D14AC /* Networking.swift */ = {isa = PBXFileReference; lastKnownFileType = sourcecode.swift; path = Networking.swift; sourceTree = "<group>"; };
		437D27DC26346614003AD2D3 /* Meaning.swift */ = {isa = PBXFileReference; lastKnownFileType = sourcecode.swift; path = Meaning.swift; sourceTree = "<group>"; };
		437D4C9226340BA300189B1D /* WordsServiceTests.swift */ = {isa = PBXFileReference; lastKnownFileType = sourcecode.swift; path = WordsServiceTests.swift; sourceTree = "<group>"; };
		43B9BB9826369790001AA600 /* README.md */ = {isa = PBXFileReference; lastKnownFileType = net.daringfireball.markdown; path = README.md; sourceTree = "<group>"; };
		43DF5F852631CEE4008985D2 /* WordsTableView.swift */ = {isa = PBXFileReference; lastKnownFileType = sourcecode.swift; path = WordsTableView.swift; sourceTree = "<group>"; };
		43F8B814262C7FFD00F33BCE /* WordsProviderImp.swift */ = {isa = PBXFileReference; lastKnownFileType = sourcecode.swift; path = WordsProviderImp.swift; sourceTree = "<group>"; };
		43F8B819262C802200F33BCE /* WordsService.swift */ = {isa = PBXFileReference; lastKnownFileType = sourcecode.swift; path = WordsService.swift; sourceTree = "<group>"; };
/* End PBXFileReference section */

/* Begin PBXFrameworksBuildPhase section */
		43212F5C262A00A20008ACEA /* Frameworks */ = {
			isa = PBXFrameworksBuildPhase;
			buildActionMask = 2147483647;
			files = (
				43B9BB942635AABA001AA600 /* Kingfisher in Frameworks */,
			);
			runOnlyForDeploymentPostprocessing = 0;
		};
		43212F72262A00A30008ACEA /* Frameworks */ = {
			isa = PBXFrameworksBuildPhase;
			buildActionMask = 2147483647;
			files = (
			);
			runOnlyForDeploymentPostprocessing = 0;
		};
		43212F7D262A00A30008ACEA /* Frameworks */ = {
			isa = PBXFrameworksBuildPhase;
			buildActionMask = 2147483647;
			files = (
			);
			runOnlyForDeploymentPostprocessing = 0;
		};
/* End PBXFrameworksBuildPhase section */

/* Begin PBXGroup section */
		43212F56262A00A20008ACEA = {
			isa = PBXGroup;
			children = (
				43B9BB9826369790001AA600 /* README.md */,
				43212F61262A00A20008ACEA /* cautious-barnacle */,
				43212F78262A00A30008ACEA /* cautious-barnacleTests */,
				43212F60262A00A20008ACEA /* Products */,
			);
			sourceTree = "<group>";
		};
		43212F60262A00A20008ACEA /* Products */ = {
			isa = PBXGroup;
			children = (
				43212F5F262A00A20008ACEA /* cautious-barnacle.app */,
				43212F75262A00A30008ACEA /* cautious-barnacleTests.xctest */,
				43212F80262A00A30008ACEA /* cautious-barnacleUITests.xctest */,
			);
			name = Products;
			sourceTree = "<group>";
		};
		43212F61262A00A20008ACEA /* cautious-barnacle */ = {
			isa = PBXGroup;
			children = (
				43212FE1262A086E0008ACEA /* Application */,
				43212F9B262A07B80008ACEA /* Library */,
				43212F6B262A00A30008ACEA /* Assets.xcassets */,
				43212F6D262A00A30008ACEA /* LaunchScreen.storyboard */,
				43212F70262A00A30008ACEA /* Info.plist */,
			);
			path = "cautious-barnacle";
			sourceTree = "<group>";
		};
		43212F78262A00A30008ACEA /* cautious-barnacleTests */ = {
			isa = PBXGroup;
			children = (
				437D4C9226340BA300189B1D /* WordsServiceTests.swift */,
				434E7B7D26371855008F36C1 /* WordsMockData.swift */,
				43212F7B262A00A30008ACEA /* Info.plist */,
			);
			path = "cautious-barnacleTests";
			sourceTree = "<group>";
		};
		43212F9B262A07B80008ACEA /* Library */ = {
			isa = PBXGroup;
			children = (
				43212F9C262A07B80008ACEA /* Coordinator */,
				43212F9F262A07B80008ACEA /* UIKIt */,
			);
			path = Library;
			sourceTree = "<group>";
		};
		43212F9C262A07B80008ACEA /* Coordinator */ = {
			isa = PBXGroup;
			children = (
				43212F9D262A07B80008ACEA /* Router.swift */,
				43212F9E262A07B80008ACEA /* Coordinator.swift */,
			);
			path = Coordinator;
			sourceTree = "<group>";
		};
		43212F9F262A07B80008ACEA /* UIKIt */ = {
			isa = PBXGroup;
			children = (
				43212FA6262A07B80008ACEA /* UIVIew */,
				43212FAA262A07B80008ACEA /* UIViewController */,
				43212FAD262A07B90008ACEA /* UITableView */,
			);
			path = UIKIt;
			sourceTree = "<group>";
		};
		43212FA0262A07B80008ACEA /* AutoLayout */ = {
			isa = PBXGroup;
			children = (
				43212FA1262A07B80008ACEA /* AutoLayoutExtenstions.swift */,
				43212FA2262A07B80008ACEA /* UsesAutoLayout.swift */,
			);
			path = AutoLayout;
			sourceTree = "<group>";
		};
		43212FA6262A07B80008ACEA /* UIVIew */ = {
			isa = PBXGroup;
			children = (
				43212FA0262A07B80008ACEA /* AutoLayout */,
				43212FA9262A07B80008ACEA /* loadFromNib.swift */,
			);
			path = UIVIew;
			sourceTree = "<group>";
		};
		43212FAA262A07B80008ACEA /* UIViewController */ = {
			isa = PBXGroup;
			children = (
				43212FAB262A07B80008ACEA /* BaseViewController.swift */,
				43212FAC262A07B80008ACEA /* ContainerViewController.swift */,
			);
			path = UIViewController;
			sourceTree = "<group>";
		};
		43212FAD262A07B90008ACEA /* UITableView */ = {
			isa = PBXGroup;
			children = (
				43212FAE262A07B90008ACEA /* UITableView + dequeue.swift */,
			);
			path = UITableView;
			sourceTree = "<group>";
		};
		43212FE1262A086E0008ACEA /* Application */ = {
			isa = PBXGroup;
			children = (
				435E36042636F6810027FAF7 /* UI */,
				437D4C9F26340C8800189B1D /* App */,
				437D4C9D26340C6C00189B1D /* Model */,
				437D4C9C26340C5100189B1D /* Providers */,
				437D4C9B26340C4600189B1D /* Services */,
			);
			path = Application;
			sourceTree = "<group>";
		};
		434E7B732636F855008F36C1 /* Screens */ = {
			isa = PBXGroup;
			children = (
				437D4C9A26340C2D00189B1D /* WordDetailScreen */,
				43ED3FEE2632FA2D002D2BA5 /* SearchScreen */,
			);
			path = Screens;
			sourceTree = "<group>";
		};
		435E36042636F6810027FAF7 /* UI */ = {
			isa = PBXGroup;
			children = (
				434E7B732636F855008F36C1 /* Screens */,
				435E36052636F68B0027FAF7 /* Common */,
			);
			path = UI;
			sourceTree = "<group>";
		};
		435E36052636F68B0027FAF7 /* Common */ = {
			isa = PBXGroup;
			children = (
				435E35FF2636F66D0027FAF7 /* ErrorView.swift */,
			);
			path = Common;
			sourceTree = "<group>";
		};
		437D4C9A26340C2D00189B1D /* WordDetailScreen */ = {
			isa = PBXGroup;
			children = (
				43642071262AD716006D14AC /* WordDetailView.swift */,
				435E35F52636F3630027FAF7 /* MeaningTableView.swift */,
				435E35FA2636F3930027FAF7 /* MeaningTableViewCell.swift */,
				4364206C262AD70A006D14AC /* WordDetailViewController.swift */,
				435E35F02636F3270027FAF7 /* MeaningProvider.swift */,
			);
			path = WordDetailScreen;
			sourceTree = "<group>";
		};
		437D4C9B26340C4600189B1D /* Services */ = {
			isa = PBXGroup;
			children = (
				43642076262ADBED006D14AC /* Networking.swift */,
				43F8B819262C802200F33BCE /* WordsService.swift */,
			);
			path = Services;
			sourceTree = "<group>";
		};
		437D4C9C26340C5100189B1D /* Providers */ = {
			isa = PBXGroup;
			children = (
				43F8B814262C7FFD00F33BCE /* WordsProviderImp.swift */,
			);
			path = Providers;
			sourceTree = "<group>";
		};
		437D4C9D26340C6C00189B1D /* Model */ = {
			isa = PBXGroup;
			children = (
				43212FEC262A09930008ACEA /* Word.swift */,
				437D27DC26346614003AD2D3 /* Meaning.swift */,
			);
			path = Model;
			sourceTree = "<group>";
		};
		437D4C9F26340C8800189B1D /* App */ = {
			isa = PBXGroup;
			children = (
				43212FE2262A08C20008ACEA /* AppCoordinator.swift */,
				43212F62262A00A20008ACEA /* AppDelegate.swift */,
				43212FE7262A09670008ACEA /* ScreenFactory.swift */,
				43212FF9262AC40A0008ACEA /* ViewFactory.swift */,
			);
			path = App;
			sourceTree = "<group>";
		};
		43ED3FEE2632FA2D002D2BA5 /* SearchScreen */ = {
			isa = PBXGroup;
			children = (
				43212F66262A00A20008ACEA /* WordsViewController.swift */,
				43213001262AC4F90008ACEA /* WordsView.swift */,
				43212FF4262AC3BB0008ACEA /* WordTableViewCell.swift */,
				43DF5F852631CEE4008985D2 /* WordsTableView.swift */,
			);
			path = SearchScreen;
			sourceTree = "<group>";
		};
/* End PBXGroup section */

/* Begin PBXNativeTarget section */
		43212F5E262A00A20008ACEA /* cautious-barnacle */ = {
			isa = PBXNativeTarget;
			buildConfigurationList = 43212F89262A00A30008ACEA /* Build configuration list for PBXNativeTarget "cautious-barnacle" */;
			buildPhases = (
				43212F5B262A00A20008ACEA /* Sources */,
				43212F5C262A00A20008ACEA /* Frameworks */,
				43212F5D262A00A20008ACEA /* Resources */,
			);
			buildRules = (
			);
			dependencies = (
			);
			name = "cautious-barnacle";
			packageProductDependencies = (
				43B9BB932635AABA001AA600 /* Kingfisher */,
			);
			productName = "cautious-barnacle";
			productReference = 43212F5F262A00A20008ACEA /* cautious-barnacle.app */;
			productType = "com.apple.product-type.application";
		};
		43212F74262A00A30008ACEA /* cautious-barnacleTests */ = {
			isa = PBXNativeTarget;
			buildConfigurationList = 43212F8C262A00A30008ACEA /* Build configuration list for PBXNativeTarget "cautious-barnacleTests" */;
			buildPhases = (
				43212F71262A00A30008ACEA /* Sources */,
				43212F72262A00A30008ACEA /* Frameworks */,
				43212F73262A00A30008ACEA /* Resources */,
			);
			buildRules = (
			);
			dependencies = (
				43212F77262A00A30008ACEA /* PBXTargetDependency */,
			);
			name = "cautious-barnacleTests";
			productName = "cautious-barnacleTests";
			productReference = 43212F75262A00A30008ACEA /* cautious-barnacleTests.xctest */;
			productType = "com.apple.product-type.bundle.unit-test";
		};
		43212F7F262A00A30008ACEA /* cautious-barnacleUITests */ = {
			isa = PBXNativeTarget;
			buildConfigurationList = 43212F8F262A00A30008ACEA /* Build configuration list for PBXNativeTarget "cautious-barnacleUITests" */;
			buildPhases = (
				43212F7C262A00A30008ACEA /* Sources */,
				43212F7D262A00A30008ACEA /* Frameworks */,
				43212F7E262A00A30008ACEA /* Resources */,
			);
			buildRules = (
			);
			dependencies = (
				43212F82262A00A30008ACEA /* PBXTargetDependency */,
			);
			name = "cautious-barnacleUITests";
			productName = "cautious-barnacleUITests";
			productReference = 43212F80262A00A30008ACEA /* cautious-barnacleUITests.xctest */;
			productType = "com.apple.product-type.bundle.ui-testing";
		};
/* End PBXNativeTarget section */

/* Begin PBXProject section */
		43212F57262A00A20008ACEA /* Project object */ = {
			isa = PBXProject;
			attributes = {
				LastSwiftUpdateCheck = 1240;
				LastUpgradeCheck = 1240;
				TargetAttributes = {
					43212F5E262A00A20008ACEA = {
						CreatedOnToolsVersion = 12.4;
					};
					43212F74262A00A30008ACEA = {
						CreatedOnToolsVersion = 12.4;
						TestTargetID = 43212F5E262A00A20008ACEA;
					};
					43212F7F262A00A30008ACEA = {
						CreatedOnToolsVersion = 12.4;
						TestTargetID = 43212F5E262A00A20008ACEA;
					};
				};
			};
			buildConfigurationList = 43212F5A262A00A20008ACEA /* Build configuration list for PBXProject "cautious-barnacle" */;
			compatibilityVersion = "Xcode 9.3";
			developmentRegion = en;
			hasScannedForEncodings = 0;
			knownRegions = (
				en,
				Base,
			);
			mainGroup = 43212F56262A00A20008ACEA;
			packageReferences = (
				43B9BB922635AABA001AA600 /* XCRemoteSwiftPackageReference "Kingfisher" */,
			);
			productRefGroup = 43212F60262A00A20008ACEA /* Products */;
			projectDirPath = "";
			projectRoot = "";
			targets = (
				43212F5E262A00A20008ACEA /* cautious-barnacle */,
				43212F74262A00A30008ACEA /* cautious-barnacleTests */,
				43212F7F262A00A30008ACEA /* cautious-barnacleUITests */,
			);
		};
/* End PBXProject section */

/* Begin PBXResourcesBuildPhase section */
		43212F5D262A00A20008ACEA /* Resources */ = {
			isa = PBXResourcesBuildPhase;
			buildActionMask = 2147483647;
			files = (
				43212F6F262A00A30008ACEA /* LaunchScreen.storyboard in Resources */,
				43212F6C262A00A30008ACEA /* Assets.xcassets in Resources */,
			);
			runOnlyForDeploymentPostprocessing = 0;
		};
		43212F73262A00A30008ACEA /* Resources */ = {
			isa = PBXResourcesBuildPhase;
			buildActionMask = 2147483647;
			files = (
			);
			runOnlyForDeploymentPostprocessing = 0;
		};
		43212F7E262A00A30008ACEA /* Resources */ = {
			isa = PBXResourcesBuildPhase;
			buildActionMask = 2147483647;
			files = (
			);
			runOnlyForDeploymentPostprocessing = 0;
		};
/* End PBXResourcesBuildPhase section */

/* Begin PBXSourcesBuildPhase section */
		43212F5B262A00A20008ACEA /* Sources */ = {
			isa = PBXSourcesBuildPhase;
			buildActionMask = 2147483647;
			files = (
				43F8B81A262C802200F33BCE /* WordsService.swift in Sources */,
				437D27DD26346614003AD2D3 /* Meaning.swift in Sources */,
				43642077262ADBED006D14AC /* Networking.swift in Sources */,
				43212FED262A09930008ACEA /* Word.swift in Sources */,
				43212FE3262A08C20008ACEA /* AppCoordinator.swift in Sources */,
				43212FC1262A07B90008ACEA /* loadFromNib.swift in Sources */,
				43212FE8262A09670008ACEA /* ScreenFactory.swift in Sources */,
				435E36002636F66D0027FAF7 /* ErrorView.swift in Sources */,
				43212FC3262A07B90008ACEA /* ContainerViewController.swift in Sources */,
				4364206D262AD70A006D14AC /* WordDetailViewController.swift in Sources */,
				43212FBA262A07B90008ACEA /* Coordinator.swift in Sources */,
				43212FBB262A07B90008ACEA /* AutoLayoutExtenstions.swift in Sources */,
				43213002262AC4F90008ACEA /* WordsView.swift in Sources */,
				43212FFA262AC40A0008ACEA /* ViewFactory.swift in Sources */,
				435E35FB2636F3930027FAF7 /* MeaningTableViewCell.swift in Sources */,
				43212FC2262A07B90008ACEA /* BaseViewController.swift in Sources */,
				43212F67262A00A20008ACEA /* WordsViewController.swift in Sources */,
				43212FB9262A07B90008ACEA /* Router.swift in Sources */,
				43212FC4262A07B90008ACEA /* UITableView + dequeue.swift in Sources */,
				43212FF5262AC3BB0008ACEA /* WordTableViewCell.swift in Sources */,
				435E35F12636F3270027FAF7 /* MeaningProvider.swift in Sources */,
				43DF5F862631CEE4008985D2 /* WordsTableView.swift in Sources */,
				43F8B815262C7FFD00F33BCE /* WordsProviderImp.swift in Sources */,
				43642072262AD716006D14AC /* WordDetailView.swift in Sources */,
				435E35F62636F3630027FAF7 /* MeaningTableView.swift in Sources */,
				43212FBC262A07B90008ACEA /* UsesAutoLayout.swift in Sources */,
				43212F63262A00A20008ACEA /* AppDelegate.swift in Sources */,
			);
			runOnlyForDeploymentPostprocessing = 0;
		};
		43212F71262A00A30008ACEA /* Sources */ = {
			isa = PBXSourcesBuildPhase;
			buildActionMask = 2147483647;
			files = (
				437D4C9326340BA300189B1D /* WordsServiceTests.swift in Sources */,
				434E7B7E26371855008F36C1 /* WordsMockData.swift in Sources */,
			);
			runOnlyForDeploymentPostprocessing = 0;
		};
		43212F7C262A00A30008ACEA /* Sources */ = {
			isa = PBXSourcesBuildPhase;
			buildActionMask = 2147483647;
			files = (
			);
			runOnlyForDeploymentPostprocessing = 0;
		};
/* End PBXSourcesBuildPhase section */

/* Begin PBXTargetDependency section */
		43212F77262A00A30008ACEA /* PBXTargetDependency */ = {
			isa = PBXTargetDependency;
			target = 43212F5E262A00A20008ACEA /* cautious-barnacle */;
			targetProxy = 43212F76262A00A30008ACEA /* PBXContainerItemProxy */;
		};
		43212F82262A00A30008ACEA /* PBXTargetDependency */ = {
			isa = PBXTargetDependency;
			target = 43212F5E262A00A20008ACEA /* cautious-barnacle */;
			targetProxy = 43212F81262A00A30008ACEA /* PBXContainerItemProxy */;
		};
/* End PBXTargetDependency section */

/* Begin PBXVariantGroup section */
		43212F6D262A00A30008ACEA /* LaunchScreen.storyboard */ = {
			isa = PBXVariantGroup;
			children = (
				43212F6E262A00A30008ACEA /* Base */,
			);
			name = LaunchScreen.storyboard;
			sourceTree = "<group>";
		};
/* End PBXVariantGroup section */

/* Begin XCBuildConfiguration section */
		43212F87262A00A30008ACEA /* Debug */ = {
			isa = XCBuildConfiguration;
			buildSettings = {
				ALWAYS_SEARCH_USER_PATHS = NO;
				CLANG_ANALYZER_NONNULL = YES;
				CLANG_ANALYZER_NUMBER_OBJECT_CONVERSION = YES_AGGRESSIVE;
				CLANG_CXX_LANGUAGE_STANDARD = "gnu++14";
				CLANG_CXX_LIBRARY = "libc++";
				CLANG_ENABLE_MODULES = YES;
				CLANG_ENABLE_OBJC_ARC = YES;
				CLANG_ENABLE_OBJC_WEAK = YES;
				CLANG_WARN_BLOCK_CAPTURE_AUTORELEASING = YES;
				CLANG_WARN_BOOL_CONVERSION = YES;
				CLANG_WARN_COMMA = YES;
				CLANG_WARN_CONSTANT_CONVERSION = YES;
				CLANG_WARN_DEPRECATED_OBJC_IMPLEMENTATIONS = YES;
				CLANG_WARN_DIRECT_OBJC_ISA_USAGE = YES_ERROR;
				CLANG_WARN_DOCUMENTATION_COMMENTS = YES;
				CLANG_WARN_EMPTY_BODY = YES;
				CLANG_WARN_ENUM_CONVERSION = YES;
				CLANG_WARN_INFINITE_RECURSION = YES;
				CLANG_WARN_INT_CONVERSION = YES;
				CLANG_WARN_NON_LITERAL_NULL_CONVERSION = YES;
				CLANG_WARN_OBJC_IMPLICIT_RETAIN_SELF = YES;
				CLANG_WARN_OBJC_LITERAL_CONVERSION = YES;
				CLANG_WARN_OBJC_ROOT_CLASS = YES_ERROR;
				CLANG_WARN_QUOTED_INCLUDE_IN_FRAMEWORK_HEADER = YES;
				CLANG_WARN_RANGE_LOOP_ANALYSIS = YES;
				CLANG_WARN_STRICT_PROTOTYPES = YES;
				CLANG_WARN_SUSPICIOUS_MOVE = YES;
				CLANG_WARN_UNGUARDED_AVAILABILITY = YES_AGGRESSIVE;
				CLANG_WARN_UNREACHABLE_CODE = YES;
				CLANG_WARN__DUPLICATE_METHOD_MATCH = YES;
				COPY_PHASE_STRIP = NO;
				DEBUG_INFORMATION_FORMAT = dwarf;
				ENABLE_STRICT_OBJC_MSGSEND = YES;
				ENABLE_TESTABILITY = YES;
				GCC_C_LANGUAGE_STANDARD = gnu11;
				GCC_DYNAMIC_NO_PIC = NO;
				GCC_NO_COMMON_BLOCKS = YES;
				GCC_OPTIMIZATION_LEVEL = 0;
				GCC_PREPROCESSOR_DEFINITIONS = (
					"DEBUG=1",
					"$(inherited)",
				);
				GCC_WARN_64_TO_32_BIT_CONVERSION = YES;
				GCC_WARN_ABOUT_RETURN_TYPE = YES_ERROR;
				GCC_WARN_UNDECLARED_SELECTOR = YES;
				GCC_WARN_UNINITIALIZED_AUTOS = YES_AGGRESSIVE;
				GCC_WARN_UNUSED_FUNCTION = YES;
				GCC_WARN_UNUSED_VARIABLE = YES;
				IPHONEOS_DEPLOYMENT_TARGET = 14.4;
				MTL_ENABLE_DEBUG_INFO = INCLUDE_SOURCE;
				MTL_FAST_MATH = YES;
				ONLY_ACTIVE_ARCH = YES;
				SDKROOT = iphoneos;
				SWIFT_ACTIVE_COMPILATION_CONDITIONS = DEBUG;
				SWIFT_OPTIMIZATION_LEVEL = "-Onone";
			};
			name = Debug;
		};
		43212F88262A00A30008ACEA /* Release */ = {
			isa = XCBuildConfiguration;
			buildSettings = {
				ALWAYS_SEARCH_USER_PATHS = NO;
				CLANG_ANALYZER_NONNULL = YES;
				CLANG_ANALYZER_NUMBER_OBJECT_CONVERSION = YES_AGGRESSIVE;
				CLANG_CXX_LANGUAGE_STANDARD = "gnu++14";
				CLANG_CXX_LIBRARY = "libc++";
				CLANG_ENABLE_MODULES = YES;
				CLANG_ENABLE_OBJC_ARC = YES;
				CLANG_ENABLE_OBJC_WEAK = YES;
				CLANG_WARN_BLOCK_CAPTURE_AUTORELEASING = YES;
				CLANG_WARN_BOOL_CONVERSION = YES;
				CLANG_WARN_COMMA = YES;
				CLANG_WARN_CONSTANT_CONVERSION = YES;
				CLANG_WARN_DEPRECATED_OBJC_IMPLEMENTATIONS = YES;
				CLANG_WARN_DIRECT_OBJC_ISA_USAGE = YES_ERROR;
				CLANG_WARN_DOCUMENTATION_COMMENTS = YES;
				CLANG_WARN_EMPTY_BODY = YES;
				CLANG_WARN_ENUM_CONVERSION = YES;
				CLANG_WARN_INFINITE_RECURSION = YES;
				CLANG_WARN_INT_CONVERSION = YES;
				CLANG_WARN_NON_LITERAL_NULL_CONVERSION = YES;
				CLANG_WARN_OBJC_IMPLICIT_RETAIN_SELF = YES;
				CLANG_WARN_OBJC_LITERAL_CONVERSION = YES;
				CLANG_WARN_OBJC_ROOT_CLASS = YES_ERROR;
				CLANG_WARN_QUOTED_INCLUDE_IN_FRAMEWORK_HEADER = YES;
				CLANG_WARN_RANGE_LOOP_ANALYSIS = YES;
				CLANG_WARN_STRICT_PROTOTYPES = YES;
				CLANG_WARN_SUSPICIOUS_MOVE = YES;
				CLANG_WARN_UNGUARDED_AVAILABILITY = YES_AGGRESSIVE;
				CLANG_WARN_UNREACHABLE_CODE = YES;
				CLANG_WARN__DUPLICATE_METHOD_MATCH = YES;
				COPY_PHASE_STRIP = NO;
				DEBUG_INFORMATION_FORMAT = "dwarf-with-dsym";
				ENABLE_NS_ASSERTIONS = NO;
				ENABLE_STRICT_OBJC_MSGSEND = YES;
				GCC_C_LANGUAGE_STANDARD = gnu11;
				GCC_NO_COMMON_BLOCKS = YES;
				GCC_WARN_64_TO_32_BIT_CONVERSION = YES;
				GCC_WARN_ABOUT_RETURN_TYPE = YES_ERROR;
				GCC_WARN_UNDECLARED_SELECTOR = YES;
				GCC_WARN_UNINITIALIZED_AUTOS = YES_AGGRESSIVE;
				GCC_WARN_UNUSED_FUNCTION = YES;
				GCC_WARN_UNUSED_VARIABLE = YES;
				IPHONEOS_DEPLOYMENT_TARGET = 14.4;
				MTL_ENABLE_DEBUG_INFO = NO;
				MTL_FAST_MATH = YES;
				SDKROOT = iphoneos;
				SWIFT_COMPILATION_MODE = wholemodule;
				SWIFT_OPTIMIZATION_LEVEL = "-O";
				VALIDATE_PRODUCT = YES;
			};
			name = Release;
		};
		43212F8A262A00A30008ACEA /* Debug */ = {
			isa = XCBuildConfiguration;
			buildSettings = {
				ASSETCATALOG_COMPILER_APPICON_NAME = AppIcon;
				ASSETCATALOG_COMPILER_GLOBAL_ACCENT_COLOR_NAME = AccentColor;
				CODE_SIGN_STYLE = Automatic;
				DEVELOPMENT_TEAM = 384ZNTC2D2;
				INFOPLIST_FILE = "cautious-barnacle/Info.plist";
				LD_RUNPATH_SEARCH_PATHS = (
					"$(inherited)",
					"@executable_path/Frameworks",
				);
				PRODUCT_BUNDLE_IDENTIFIER = "kosta.khet.cautious-barnacle";
				PRODUCT_NAME = "$(TARGET_NAME)";
				SWIFT_VERSION = 5.0;
				TARGETED_DEVICE_FAMILY = "1,2";
			};
			name = Debug;
		};
		43212F8B262A00A30008ACEA /* Release */ = {
			isa = XCBuildConfiguration;
			buildSettings = {
				ASSETCATALOG_COMPILER_APPICON_NAME = AppIcon;
				ASSETCATALOG_COMPILER_GLOBAL_ACCENT_COLOR_NAME = AccentColor;
				CODE_SIGN_STYLE = Automatic;
				DEVELOPMENT_TEAM = 384ZNTC2D2;
				INFOPLIST_FILE = "cautious-barnacle/Info.plist";
				LD_RUNPATH_SEARCH_PATHS = (
					"$(inherited)",
					"@executable_path/Frameworks",
				);
				PRODUCT_BUNDLE_IDENTIFIER = "kosta.khet.cautious-barnacle";
				PRODUCT_NAME = "$(TARGET_NAME)";
				SWIFT_VERSION = 5.0;
				TARGETED_DEVICE_FAMILY = "1,2";
			};
			name = Release;
		};
		43212F8D262A00A30008ACEA /* Debug */ = {
			isa = XCBuildConfiguration;
			buildSettings = {
				ALWAYS_EMBED_SWIFT_STANDARD_LIBRARIES = YES;
				BUNDLE_LOADER = "$(TEST_HOST)";
				CODE_SIGN_STYLE = Automatic;
				DEVELOPMENT_TEAM = 384ZNTC2D2;
				INFOPLIST_FILE = "cautious-barnacleTests/Info.plist";
				IPHONEOS_DEPLOYMENT_TARGET = 14.4;
				LD_RUNPATH_SEARCH_PATHS = (
					"$(inherited)",
					"@executable_path/Frameworks",
					"@loader_path/Frameworks",
				);
				PRODUCT_BUNDLE_IDENTIFIER = "kosta.khet.cautious-barnacleTests";
				PRODUCT_NAME = "$(TARGET_NAME)";
				SWIFT_VERSION = 5.0;
				TARGETED_DEVICE_FAMILY = "1,2";
				TEST_HOST = "$(BUILT_PRODUCTS_DIR)/cautious-barnacle.app/cautious-barnacle";
			};
			name = Debug;
		};
		43212F8E262A00A30008ACEA /* Release */ = {
			isa = XCBuildConfiguration;
			buildSettings = {
				ALWAYS_EMBED_SWIFT_STANDARD_LIBRARIES = YES;
				BUNDLE_LOADER = "$(TEST_HOST)";
				CODE_SIGN_STYLE = Automatic;
				DEVELOPMENT_TEAM = 384ZNTC2D2;
				INFOPLIST_FILE = "cautious-barnacleTests/Info.plist";
				IPHONEOS_DEPLOYMENT_TARGET = 14.4;
				LD_RUNPATH_SEARCH_PATHS = (
					"$(inherited)",
					"@executable_path/Frameworks",
					"@loader_path/Frameworks",
				);
				PRODUCT_BUNDLE_IDENTIFIER = "kosta.khet.cautious-barnacleTests";
				PRODUCT_NAME = "$(TARGET_NAME)";
				SWIFT_VERSION = 5.0;
				TARGETED_DEVICE_FAMILY = "1,2";
				TEST_HOST = "$(BUILT_PRODUCTS_DIR)/cautious-barnacle.app/cautious-barnacle";
			};
			name = Release;
		};
		43212F90262A00A30008ACEA /* Debug */ = {
			isa = XCBuildConfiguration;
			buildSettings = {
				ALWAYS_EMBED_SWIFT_STANDARD_LIBRARIES = YES;
				CODE_SIGN_STYLE = Automatic;
				DEVELOPMENT_TEAM = 384ZNTC2D2;
				INFOPLIST_FILE = "cautious-barnacleUITests/Info.plist";
				LD_RUNPATH_SEARCH_PATHS = (
					"$(inherited)",
					"@executable_path/Frameworks",
					"@loader_path/Frameworks",
				);
				PRODUCT_BUNDLE_IDENTIFIER = "kosta.khet.cautious-barnacleUITests";
				PRODUCT_NAME = "$(TARGET_NAME)";
				SWIFT_VERSION = 5.0;
				TARGETED_DEVICE_FAMILY = "1,2";
				TEST_TARGET_NAME = "cautious-barnacle";
			};
			name = Debug;
		};
		43212F91262A00A30008ACEA /* Release */ = {
			isa = XCBuildConfiguration;
			buildSettings = {
				ALWAYS_EMBED_SWIFT_STANDARD_LIBRARIES = YES;
				CODE_SIGN_STYLE = Automatic;
				DEVELOPMENT_TEAM = 384ZNTC2D2;
				INFOPLIST_FILE = "cautious-barnacleUITests/Info.plist";
				LD_RUNPATH_SEARCH_PATHS = (
					"$(inherited)",
					"@executable_path/Frameworks",
					"@loader_path/Frameworks",
				);
				PRODUCT_BUNDLE_IDENTIFIER = "kosta.khet.cautious-barnacleUITests";
				PRODUCT_NAME = "$(TARGET_NAME)";
				SWIFT_VERSION = 5.0;
				TARGETED_DEVICE_FAMILY = "1,2";
				TEST_TARGET_NAME = "cautious-barnacle";
			};
			name = Release;
		};
/* End XCBuildConfiguration section */

/* Begin XCConfigurationList section */
		43212F5A262A00A20008ACEA /* Build configuration list for PBXProject "cautious-barnacle" */ = {
			isa = XCConfigurationList;
			buildConfigurations = (
				43212F87262A00A30008ACEA /* Debug */,
				43212F88262A00A30008ACEA /* Release */,
			);
			defaultConfigurationIsVisible = 0;
			defaultConfigurationName = Release;
		};
		43212F89262A00A30008ACEA /* Build configuration list for PBXNativeTarget "cautious-barnacle" */ = {
			isa = XCConfigurationList;
			buildConfigurations = (
				43212F8A262A00A30008ACEA /* Debug */,
				43212F8B262A00A30008ACEA /* Release */,
			);
			defaultConfigurationIsVisible = 0;
			defaultConfigurationName = Release;
		};
		43212F8C262A00A30008ACEA /* Build configuration list for PBXNativeTarget "cautious-barnacleTests" */ = {
			isa = XCConfigurationList;
			buildConfigurations = (
				43212F8D262A00A30008ACEA /* Debug */,
				43212F8E262A00A30008ACEA /* Release */,
			);
			defaultConfigurationIsVisible = 0;
			defaultConfigurationName = Release;
		};
		43212F8F262A00A30008ACEA /* Build configuration list for PBXNativeTarget "cautious-barnacleUITests" */ = {
			isa = XCConfigurationList;
			buildConfigurations = (
				43212F90262A00A30008ACEA /* Debug */,
				43212F91262A00A30008ACEA /* Release */,
			);
			defaultConfigurationIsVisible = 0;
			defaultConfigurationName = Release;
		};
/* End XCConfigurationList section */

/* Begin XCRemoteSwiftPackageReference section */
		43B9BB922635AABA001AA600 /* XCRemoteSwiftPackageReference "Kingfisher" */ = {
			isa = XCRemoteSwiftPackageReference;
			repositoryURL = "git@github.com:onevcat/Kingfisher.git";
			requirement = {
				kind = upToNextMajorVersion;
				minimumVersion = 6.3.0;
			};
		};
/* End XCRemoteSwiftPackageReference section */

/* Begin XCSwiftPackageProductDependency section */
		43B9BB932635AABA001AA600 /* Kingfisher */ = {
			isa = XCSwiftPackageProductDependency;
			package = 43B9BB922635AABA001AA600 /* XCRemoteSwiftPackageReference "Kingfisher" */;
			productName = Kingfisher;
		};
/* End XCSwiftPackageProductDependency section */
	};
	rootObject = 43212F57262A00A20008ACEA /* Project object */;
}
